// !$*UTF8*$!
{
	archiveVersion = 1;
	classes = {
	};
	objectVersion = 46;
	objects = {

/* Begin PBXBuildFile section */
		FC16415B1B5349F600E81502 /* MultiplayerNetworking.swift in Sources */ = {isa = PBXBuildFile; fileRef = FC16415A1B5349F600E81502 /* MultiplayerNetworking.swift */; };
		FC20C4C81ABD7E66004BF303 /* AppDelegate.swift in Sources */ = {isa = PBXBuildFile; fileRef = FC20C4C71ABD7E66004BF303 /* AppDelegate.swift */; };
		FC20C4CA1ABD7E66004BF303 /* GameScene.sks in Resources */ = {isa = PBXBuildFile; fileRef = FC20C4C91ABD7E66004BF303 /* GameScene.sks */; };
		FC20C4CC1ABD7E66004BF303 /* GameScene.swift in Sources */ = {isa = PBXBuildFile; fileRef = FC20C4CB1ABD7E66004BF303 /* GameScene.swift */; };
		FC20C4CE1ABD7E66004BF303 /* GameViewController.swift in Sources */ = {isa = PBXBuildFile; fileRef = FC20C4CD1ABD7E66004BF303 /* GameViewController.swift */; };
		FC20C4D11ABD7E66004BF303 /* Main.storyboard in Resources */ = {isa = PBXBuildFile; fileRef = FC20C4CF1ABD7E66004BF303 /* Main.storyboard */; };
		FC20C4D31ABD7E66004BF303 /* Images.xcassets in Resources */ = {isa = PBXBuildFile; fileRef = FC20C4D21ABD7E66004BF303 /* Images.xcassets */; };
		FC20C4D61ABD7E66004BF303 /* LaunchScreen.xib in Resources */ = {isa = PBXBuildFile; fileRef = FC20C4D41ABD7E66004BF303 /* LaunchScreen.xib */; };
		FC20C4E21ABD7E66004BF303 /* animalsFightingTests.swift in Sources */ = {isa = PBXBuildFile; fileRef = FC20C4E11ABD7E66004BF303 /* animalsFightingTests.swift */; };
		FC20C4EC1ABDB3B4004BF303 /* AnimalSpriteNode.swift in Sources */ = {isa = PBXBuildFile; fileRef = FC20C4EB1ABDB3B4004BF303 /* AnimalSpriteNode.swift */; };
		FC39302A1B78277C005C5733 /* Message.swift in Sources */ = {isa = PBXBuildFile; fileRef = FC3930291B78277C005C5733 /* Message.swift */; };
		FC39305C1B82AE5F005C5733 /* MCManager.swift in Sources */ = {isa = PBXBuildFile; fileRef = FC39305B1B82AE5F005C5733 /* MCManager.swift */; };
		FC422FC81B06F8A900623336 /* AnimalPicSpriteNode.swift in Sources */ = {isa = PBXBuildFile; fileRef = FC422FC71B06F8A900623336 /* AnimalPicSpriteNode.swift */; };
		FC422FD21B0D4BA500623336 /* GameKitHelper.swift in Sources */ = {isa = PBXBuildFile; fileRef = FC422FD11B0D4BA500623336 /* GameKitHelper.swift */; };
		FCD05F8B1B8D38D600B09C7A /* Color.swift in Sources */ = {isa = PBXBuildFile; fileRef = FCD05F821B8D38D600B09C7A /* Color.swift */; };
		FCD05F8C1B8D38D600B09C7A /* Info.plist in Resources */ = {isa = PBXBuildFile; fileRef = FCD05F841B8D38D600B09C7A /* Info.plist */; };
		FCD05F8D1B8D38D600B09C7A /* Loggerithm.swift in Sources */ = {isa = PBXBuildFile; fileRef = FCD05F861B8D38D600B09C7A /* Loggerithm.swift */; };
		FCD05F8E1B8D38D600B09C7A /* Info.plist in Resources */ = {isa = PBXBuildFile; fileRef = FCD05F881B8D38D600B09C7A /* Info.plist */; };
		FCD05F8F1B8D38D600B09C7A /* Type.swift in Sources */ = {isa = PBXBuildFile; fileRef = FCD05F8A1B8D38D600B09C7A /* Type.swift */; };
		FCD445491AC69FDF0039FD1F /* WaterSpriteNode.swift in Sources */ = {isa = PBXBuildFile; fileRef = FCD445481AC69FDF0039FD1F /* WaterSpriteNode.swift */; };
		FCD58C051AD8BE79000D8AA3 /* StartGameScene.swift in Sources */ = {isa = PBXBuildFile; fileRef = FCD58C041AD8BE79000D8AA3 /* StartGameScene.swift */; };
		FCD58C071AD8BE8B000D8AA3 /* EndGameScene.swift in Sources */ = {isa = PBXBuildFile; fileRef = FCD58C061AD8BE8B000D8AA3 /* EndGameScene.swift */; };
		FCE9F0971B8D3BE600D779E6 /* LogHelper.swift in Sources */ = {isa = PBXBuildFile; fileRef = FCE9F0961B8D3BE600D779E6 /* LogHelper.swift */; };
/* End PBXBuildFile section */

/* Begin PBXContainerItemProxy section */
		FC20C4DC1ABD7E66004BF303 /* PBXContainerItemProxy */ = {
			isa = PBXContainerItemProxy;
			containerPortal = FC20C4BA1ABD7E65004BF303 /* Project object */;
			proxyType = 1;
			remoteGlobalIDString = FC20C4C11ABD7E65004BF303;
			remoteInfo = animalsFighting;
		};
/* End PBXContainerItemProxy section */

/* Begin PBXFileReference section */
		FC16415A1B5349F600E81502 /* MultiplayerNetworking.swift */ = {isa = PBXFileReference; fileEncoding = 4; lastKnownFileType = sourcecode.swift; path = MultiplayerNetworking.swift; sourceTree = "<group>"; };
		FC20C4C21ABD7E66004BF303 /* animalsFighting.app */ = {isa = PBXFileReference; explicitFileType = wrapper.application; includeInIndex = 0; path = animalsFighting.app; sourceTree = BUILT_PRODUCTS_DIR; };
		FC20C4C61ABD7E66004BF303 /* Info.plist */ = {isa = PBXFileReference; lastKnownFileType = text.plist.xml; path = Info.plist; sourceTree = "<group>"; };
		FC20C4C71ABD7E66004BF303 /* AppDelegate.swift */ = {isa = PBXFileReference; lastKnownFileType = sourcecode.swift; path = AppDelegate.swift; sourceTree = "<group>"; };
		FC20C4C91ABD7E66004BF303 /* GameScene.sks */ = {isa = PBXFileReference; lastKnownFileType = file.sks; path = GameScene.sks; sourceTree = "<group>"; };
		FC20C4CB1ABD7E66004BF303 /* GameScene.swift */ = {isa = PBXFileReference; lastKnownFileType = sourcecode.swift; path = GameScene.swift; sourceTree = "<group>"; };
		FC20C4CD1ABD7E66004BF303 /* GameViewController.swift */ = {isa = PBXFileReference; lastKnownFileType = sourcecode.swift; path = GameViewController.swift; sourceTree = "<group>"; };
		FC20C4D01ABD7E66004BF303 /* Base */ = {isa = PBXFileReference; lastKnownFileType = file.storyboard; name = Base; path = Base.lproj/Main.storyboard; sourceTree = "<group>"; };
		FC20C4D21ABD7E66004BF303 /* Images.xcassets */ = {isa = PBXFileReference; lastKnownFileType = folder.assetcatalog; path = Images.xcassets; sourceTree = "<group>"; };
		FC20C4D51ABD7E66004BF303 /* Base */ = {isa = PBXFileReference; lastKnownFileType = file.xib; name = Base; path = Base.lproj/LaunchScreen.xib; sourceTree = "<group>"; };
		FC20C4DB1ABD7E66004BF303 /* animalsFightingTests.xctest */ = {isa = PBXFileReference; explicitFileType = wrapper.cfbundle; includeInIndex = 0; path = animalsFightingTests.xctest; sourceTree = BUILT_PRODUCTS_DIR; };
		FC20C4E01ABD7E66004BF303 /* Info.plist */ = {isa = PBXFileReference; lastKnownFileType = text.plist.xml; path = Info.plist; sourceTree = "<group>"; };
		FC20C4E11ABD7E66004BF303 /* animalsFightingTests.swift */ = {isa = PBXFileReference; lastKnownFileType = sourcecode.swift; path = animalsFightingTests.swift; sourceTree = "<group>"; };
		FC20C4EB1ABDB3B4004BF303 /* AnimalSpriteNode.swift */ = {isa = PBXFileReference; fileEncoding = 4; lastKnownFileType = sourcecode.swift; path = AnimalSpriteNode.swift; sourceTree = "<group>"; };
		FC3930291B78277C005C5733 /* Message.swift */ = {isa = PBXFileReference; fileEncoding = 4; lastKnownFileType = sourcecode.swift; path = Message.swift; sourceTree = "<group>"; };
		FC39305B1B82AE5F005C5733 /* MCManager.swift */ = {isa = PBXFileReference; fileEncoding = 4; lastKnownFileType = sourcecode.swift; path = MCManager.swift; sourceTree = "<group>"; };
		FC422FC71B06F8A900623336 /* AnimalPicSpriteNode.swift */ = {isa = PBXFileReference; fileEncoding = 4; lastKnownFileType = sourcecode.swift; path = AnimalPicSpriteNode.swift; sourceTree = "<group>"; };
		FC422FD11B0D4BA500623336 /* GameKitHelper.swift */ = {isa = PBXFileReference; fileEncoding = 4; lastKnownFileType = sourcecode.swift; path = GameKitHelper.swift; sourceTree = "<group>"; };
		FCD05F821B8D38D600B09C7A /* Color.swift */ = {isa = PBXFileReference; fileEncoding = 4; lastKnownFileType = sourcecode.swift; path = Color.swift; sourceTree = "<group>"; };
		FCD05F841B8D38D600B09C7A /* Info.plist */ = {isa = PBXFileReference; fileEncoding = 4; lastKnownFileType = text.plist.xml; path = Info.plist; sourceTree = "<group>"; };
		FCD05F851B8D38D600B09C7A /* Loggerithm.h */ = {isa = PBXFileReference; fileEncoding = 4; lastKnownFileType = sourcecode.c.h; path = Loggerithm.h; sourceTree = "<group>"; };
		FCD05F861B8D38D600B09C7A /* Loggerithm.swift */ = {isa = PBXFileReference; fileEncoding = 4; lastKnownFileType = sourcecode.swift; path = Loggerithm.swift; sourceTree = "<group>"; };
		FCD05F881B8D38D600B09C7A /* Info.plist */ = {isa = PBXFileReference; fileEncoding = 4; lastKnownFileType = text.plist.xml; path = Info.plist; sourceTree = "<group>"; };
		FCD05F891B8D38D600B09C7A /* Loggerithm.h */ = {isa = PBXFileReference; fileEncoding = 4; lastKnownFileType = sourcecode.c.h; path = Loggerithm.h; sourceTree = "<group>"; };
		FCD05F8A1B8D38D600B09C7A /* Type.swift */ = {isa = PBXFileReference; fileEncoding = 4; lastKnownFileType = sourcecode.swift; path = Type.swift; sourceTree = "<group>"; };
		FCD445481AC69FDF0039FD1F /* WaterSpriteNode.swift */ = {isa = PBXFileReference; fileEncoding = 4; lastKnownFileType = sourcecode.swift; path = WaterSpriteNode.swift; sourceTree = "<group>"; };
		FCD58C041AD8BE79000D8AA3 /* StartGameScene.swift */ = {isa = PBXFileReference; fileEncoding = 4; lastKnownFileType = sourcecode.swift; path = StartGameScene.swift; sourceTree = "<group>"; };
		FCD58C061AD8BE8B000D8AA3 /* EndGameScene.swift */ = {isa = PBXFileReference; fileEncoding = 4; lastKnownFileType = sourcecode.swift; path = EndGameScene.swift; sourceTree = "<group>"; };
		FCE9F0961B8D3BE600D779E6 /* LogHelper.swift */ = {isa = PBXFileReference; fileEncoding = 4; lastKnownFileType = sourcecode.swift; path = LogHelper.swift; sourceTree = "<group>"; };
/* End PBXFileReference section */

/* Begin PBXFrameworksBuildPhase section */
		FC20C4BF1ABD7E65004BF303 /* Frameworks */ = {
			isa = PBXFrameworksBuildPhase;
			buildActionMask = 2147483647;
			files = (
			);
			runOnlyForDeploymentPostprocessing = 0;
		};
		FC20C4D81ABD7E66004BF303 /* Frameworks */ = {
			isa = PBXFrameworksBuildPhase;
			buildActionMask = 2147483647;
			files = (
			);
			runOnlyForDeploymentPostprocessing = 0;
		};
/* End PBXFrameworksBuildPhase section */

/* Begin PBXGroup section */
		FC20C4B91ABD7E65004BF303 = {
			isa = PBXGroup;
			children = (
				FC20C4C41ABD7E66004BF303 /* animalsFighting */,
				FC20C4DE1ABD7E66004BF303 /* animalsFightingTests */,
				FC20C4C31ABD7E66004BF303 /* Products */,
			);
			sourceTree = "<group>";
		};
		FC20C4C31ABD7E66004BF303 /* Products */ = {
			isa = PBXGroup;
			children = (
				FC20C4C21ABD7E66004BF303 /* animalsFighting.app */,
				FC20C4DB1ABD7E66004BF303 /* animalsFightingTests.xctest */,
			);
			name = Products;
			sourceTree = "<group>";
		};
		FC20C4C41ABD7E66004BF303 /* animalsFighting */ = {
			isa = PBXGroup;
			children = (
				FCD05F811B8D38D600B09C7A /* Loggerithm */,
				FC20C4C91ABD7E66004BF303 /* GameScene.sks */,
				FC422FC71B06F8A900623336 /* AnimalPicSpriteNode.swift */,
				FC20C4EB1ABDB3B4004BF303 /* AnimalSpriteNode.swift */,
				FC20C4C71ABD7E66004BF303 /* AppDelegate.swift */,
				FCD58C061AD8BE8B000D8AA3 /* EndGameScene.swift */,
				FC422FD11B0D4BA500623336 /* GameKitHelper.swift */,
				FC20C4CB1ABD7E66004BF303 /* GameScene.swift */,
				FC20C4CD1ABD7E66004BF303 /* GameViewController.swift */,
				FC39305B1B82AE5F005C5733 /* MCManager.swift */,
				FC3930291B78277C005C5733 /* Message.swift */,
				FC16415A1B5349F600E81502 /* MultiplayerNetworking.swift */,
				FCD58C041AD8BE79000D8AA3 /* StartGameScene.swift */,
				FCD445481AC69FDF0039FD1F /* WaterSpriteNode.swift */,
				FC20C4D21ABD7E66004BF303 /* Images.xcassets */,
				FC20C4D41ABD7E66004BF303 /* LaunchScreen.xib */,
				FC20C4CF1ABD7E66004BF303 /* Main.storyboard */,
				FC20C4C51ABD7E66004BF303 /* Supporting Files */,
				FCE9F0961B8D3BE600D779E6 /* LogHelper.swift */,
			);
			path = animalsFighting;
			sourceTree = "<group>";
		};
		FC20C4C51ABD7E66004BF303 /* Supporting Files */ = {
			isa = PBXGroup;
			children = (
				FC20C4C61ABD7E66004BF303 /* Info.plist */,
			);
			name = "Supporting Files";
			sourceTree = "<group>";
		};
		FC20C4DE1ABD7E66004BF303 /* animalsFightingTests */ = {
			isa = PBXGroup;
			children = (
				FC20C4E11ABD7E66004BF303 /* animalsFightingTests.swift */,
				FC20C4DF1ABD7E66004BF303 /* Supporting Files */,
			);
			path = animalsFightingTests;
			sourceTree = "<group>";
		};
		FC20C4DF1ABD7E66004BF303 /* Supporting Files */ = {
			isa = PBXGroup;
			children = (
				FC20C4E01ABD7E66004BF303 /* Info.plist */,
			);
			name = "Supporting Files";
			sourceTree = "<group>";
		};
		FCD05F811B8D38D600B09C7A /* Loggerithm */ = {
			isa = PBXGroup;
			children = (
				FCD05F821B8D38D600B09C7A /* Color.swift */,
				FCD05F831B8D38D600B09C7A /* iOS Frameworkd Resource */,
				FCD05F861B8D38D600B09C7A /* Loggerithm.swift */,
				FCD05F871B8D38D600B09C7A /* OSX Frameworkd Resource */,
				FCD05F8A1B8D38D600B09C7A /* Type.swift */,
			);
			name = Loggerithm;
			path = Source;
			sourceTree = "<group>";
		};
		FCD05F831B8D38D600B09C7A /* iOS Frameworkd Resource */ = {
			isa = PBXGroup;
			children = (
				FCD05F841B8D38D600B09C7A /* Info.plist */,
				FCD05F851B8D38D600B09C7A /* Loggerithm.h */,
			);
			path = "iOS Frameworkd Resource";
			sourceTree = "<group>";
		};
		FCD05F871B8D38D600B09C7A /* OSX Frameworkd Resource */ = {
			isa = PBXGroup;
			children = (
				FCD05F881B8D38D600B09C7A /* Info.plist */,
				FCD05F891B8D38D600B09C7A /* Loggerithm.h */,
			);
			path = "OSX Frameworkd Resource";
			sourceTree = "<group>";
		};
/* End PBXGroup section */

/* Begin PBXNativeTarget section */
		FC20C4C11ABD7E65004BF303 /* animalsFighting */ = {
			isa = PBXNativeTarget;
			buildConfigurationList = FC20C4E51ABD7E66004BF303 /* Build configuration list for PBXNativeTarget "animalsFighting" */;
			buildPhases = (
				FC20C4BE1ABD7E65004BF303 /* Sources */,
				FC20C4BF1ABD7E65004BF303 /* Frameworks */,
				FC20C4C01ABD7E65004BF303 /* Resources */,
			);
			buildRules = (
			);
			dependencies = (
			);
			name = animalsFighting;
			productName = animalsFighting;
			productReference = FC20C4C21ABD7E66004BF303 /* animalsFighting.app */;
			productType = "com.apple.product-type.application";
		};
		FC20C4DA1ABD7E66004BF303 /* animalsFightingTests */ = {
			isa = PBXNativeTarget;
			buildConfigurationList = FC20C4E81ABD7E66004BF303 /* Build configuration list for PBXNativeTarget "animalsFightingTests" */;
			buildPhases = (
				FC20C4D71ABD7E66004BF303 /* Sources */,
				FC20C4D81ABD7E66004BF303 /* Frameworks */,
				FC20C4D91ABD7E66004BF303 /* Resources */,
			);
			buildRules = (
			);
			dependencies = (
				FC20C4DD1ABD7E66004BF303 /* PBXTargetDependency */,
			);
			name = animalsFightingTests;
			productName = animalsFightingTests;
			productReference = FC20C4DB1ABD7E66004BF303 /* animalsFightingTests.xctest */;
			productType = "com.apple.product-type.bundle.unit-test";
		};
/* End PBXNativeTarget section */

/* Begin PBXProject section */
		FC20C4BA1ABD7E65004BF303 /* Project object */ = {
			isa = PBXProject;
			attributes = {
				LastUpgradeCheck = 0610;
				ORGANIZATIONNAME = lieyunye;
				TargetAttributes = {
					FC20C4C11ABD7E65004BF303 = {
						CreatedOnToolsVersion = 6.1.1;
						DevelopmentTeam = QZ5G44NYB5;
					};
					FC20C4DA1ABD7E66004BF303 = {
						CreatedOnToolsVersion = 6.1.1;
						TestTargetID = FC20C4C11ABD7E65004BF303;
					};
				};
			};
			buildConfigurationList = FC20C4BD1ABD7E65004BF303 /* Build configuration list for PBXProject "animalsFighting" */;
			compatibilityVersion = "Xcode 3.2";
			developmentRegion = English;
			hasScannedForEncodings = 0;
			knownRegions = (
				en,
				Base,
			);
			mainGroup = FC20C4B91ABD7E65004BF303;
			productRefGroup = FC20C4C31ABD7E66004BF303 /* Products */;
			projectDirPath = "";
			projectRoot = "";
			targets = (
				FC20C4C11ABD7E65004BF303 /* animalsFighting */,
				FC20C4DA1ABD7E66004BF303 /* animalsFightingTests */,
			);
		};
/* End PBXProject section */

/* Begin PBXResourcesBuildPhase section */
		FC20C4C01ABD7E65004BF303 /* Resources */ = {
			isa = PBXResourcesBuildPhase;
			buildActionMask = 2147483647;
			files = (
				FC20C4D61ABD7E66004BF303 /* LaunchScreen.xib in Resources */,
				FC20C4D31ABD7E66004BF303 /* Images.xcassets in Resources */,
				FCD05F8E1B8D38D600B09C7A /* Info.plist in Resources */,
				FC20C4CA1ABD7E66004BF303 /* GameScene.sks in Resources */,
				FCD05F8C1B8D38D600B09C7A /* Info.plist in Resources */,
				FC20C4D11ABD7E66004BF303 /* Main.storyboard in Resources */,
			);
			runOnlyForDeploymentPostprocessing = 0;
		};
		FC20C4D91ABD7E66004BF303 /* Resources */ = {
			isa = PBXResourcesBuildPhase;
			buildActionMask = 2147483647;
			files = (
			);
			runOnlyForDeploymentPostprocessing = 0;
		};
/* End PBXResourcesBuildPhase section */

/* Begin PBXSourcesBuildPhase section */
		FC20C4BE1ABD7E65004BF303 /* Sources */ = {
			isa = PBXSourcesBuildPhase;
			buildActionMask = 2147483647;
			files = (
				FCD445491AC69FDF0039FD1F /* WaterSpriteNode.swift in Sources */,
				FCD58C051AD8BE79000D8AA3 /* StartGameScene.swift in Sources */,
				FCD58C071AD8BE8B000D8AA3 /* EndGameScene.swift in Sources */,
				FC20C4EC1ABDB3B4004BF303 /* AnimalSpriteNode.swift in Sources */,
				FCD05F8B1B8D38D600B09C7A /* Color.swift in Sources */,
				FCD05F8F1B8D38D600B09C7A /* Type.swift in Sources */,
				FC422FD21B0D4BA500623336 /* GameKitHelper.swift in Sources */,
				FC39305C1B82AE5F005C5733 /* MCManager.swift in Sources */,
				FC20C4CC1ABD7E66004BF303 /* GameScene.swift in Sources */,
				FC39302A1B78277C005C5733 /* Message.swift in Sources */,
				FCD05F8D1B8D38D600B09C7A /* Loggerithm.swift in Sources */,
				FC20C4CE1ABD7E66004BF303 /* GameViewController.swift in Sources */,
				FCE9F0971B8D3BE600D779E6 /* LogHelper.swift in Sources */,
				FC20C4C81ABD7E66004BF303 /* AppDelegate.swift in Sources */,
				FC16415B1B5349F600E81502 /* MultiplayerNetworking.swift in Sources */,
				FC422FC81B06F8A900623336 /* AnimalPicSpriteNode.swift in Sources */,
			);
			runOnlyForDeploymentPostprocessing = 0;
		};
		FC20C4D71ABD7E66004BF303 /* Sources */ = {
			isa = PBXSourcesBuildPhase;
			buildActionMask = 2147483647;
			files = (
				FC20C4E21ABD7E66004BF303 /* animalsFightingTests.swift in Sources */,
			);
			runOnlyForDeploymentPostprocessing = 0;
		};
/* End PBXSourcesBuildPhase section */

/* Begin PBXTargetDependency section */
		FC20C4DD1ABD7E66004BF303 /* PBXTargetDependency */ = {
			isa = PBXTargetDependency;
			target = FC20C4C11ABD7E65004BF303 /* animalsFighting */;
			targetProxy = FC20C4DC1ABD7E66004BF303 /* PBXContainerItemProxy */;
		};
/* End PBXTargetDependency section */

/* Begin PBXVariantGroup section */
		FC20C4CF1ABD7E66004BF303 /* Main.storyboard */ = {
			isa = PBXVariantGroup;
			children = (
				FC20C4D01ABD7E66004BF303 /* Base */,
			);
			name = Main.storyboard;
			sourceTree = "<group>";
		};
		FC20C4D41ABD7E66004BF303 /* LaunchScreen.xib */ = {
			isa = PBXVariantGroup;
			children = (
				FC20C4D51ABD7E66004BF303 /* Base */,
			);
			name = LaunchScreen.xib;
			sourceTree = "<group>";
		};
/* End PBXVariantGroup section */

/* Begin XCBuildConfiguration section */
		FC20C4E31ABD7E66004BF303 /* Debug */ = {
			isa = XCBuildConfiguration;
			buildSettings = {
				ALWAYS_SEARCH_USER_PATHS = NO;
				CLANG_CXX_LANGUAGE_STANDARD = "gnu++0x";
				CLANG_CXX_LIBRARY = "libc++";
				CLANG_ENABLE_MODULES = YES;
				CLANG_ENABLE_OBJC_ARC = YES;
				CLANG_WARN_BOOL_CONVERSION = YES;
				CLANG_WARN_CONSTANT_CONVERSION = YES;
				CLANG_WARN_DIRECT_OBJC_ISA_USAGE = YES_ERROR;
				CLANG_WARN_EMPTY_BODY = YES;
				CLANG_WARN_ENUM_CONVERSION = YES;
				CLANG_WARN_INT_CONVERSION = YES;
				CLANG_WARN_OBJC_ROOT_CLASS = YES_ERROR;
				CLANG_WARN_UNREACHABLE_CODE = YES;
				CLANG_WARN__DUPLICATE_METHOD_MATCH = YES;
				"CODE_SIGN_IDENTITY[sdk=iphoneos*]" = "iPhone Developer";
				COPY_PHASE_STRIP = NO;
				ENABLE_STRICT_OBJC_MSGSEND = YES;
				GCC_C_LANGUAGE_STANDARD = gnu99;
				GCC_DYNAMIC_NO_PIC = NO;
				GCC_OPTIMIZATION_LEVEL = 0;
				GCC_PREPROCESSOR_DEFINITIONS = (
					"DEBUG=1",
					"$(inherited)",
				);
				GCC_SYMBOLS_PRIVATE_EXTERN = NO;
				GCC_WARN_64_TO_32_BIT_CONVERSION = YES;
				GCC_WARN_ABOUT_RETURN_TYPE = YES_ERROR;
				GCC_WARN_UNDECLARED_SELECTOR = YES;
				GCC_WARN_UNINITIALIZED_AUTOS = YES_AGGRESSIVE;
				GCC_WARN_UNUSED_FUNCTION = YES;
				GCC_WARN_UNUSED_VARIABLE = YES;
				IPHONEOS_DEPLOYMENT_TARGET = 7.0;
				MTL_ENABLE_DEBUG_INFO = YES;
				ONLY_ACTIVE_ARCH = YES;
				SDKROOT = iphoneos;
				SWIFT_OPTIMIZATION_LEVEL = "-Onone";
				TARGETED_DEVICE_FAMILY = 2;
			};
			name = Debug;
		};
		FC20C4E41ABD7E66004BF303 /* Release */ = {
			isa = XCBuildConfiguration;
			buildSettings = {
				ALWAYS_SEARCH_USER_PATHS = NO;
				CLANG_CXX_LANGUAGE_STANDARD = "gnu++0x";
				CLANG_CXX_LIBRARY = "libc++";
				CLANG_ENABLE_MODULES = YES;
				CLANG_ENABLE_OBJC_ARC = YES;
				CLANG_WARN_BOOL_CONVERSION = YES;
				CLANG_WARN_CONSTANT_CONVERSION = YES;
				CLANG_WARN_DIRECT_OBJC_ISA_USAGE = YES_ERROR;
				CLANG_WARN_EMPTY_BODY = YES;
				CLANG_WARN_ENUM_CONVERSION = YES;
				CLANG_WARN_INT_CONVERSION = YES;
				CLANG_WARN_OBJC_ROOT_CLASS = YES_ERROR;
				CLANG_WARN_UNREACHABLE_CODE = YES;
				CLANG_WARN__DUPLICATE_METHOD_MATCH = YES;
				"CODE_SIGN_IDENTITY[sdk=iphoneos*]" = "iPhone Developer";
				COPY_PHASE_STRIP = YES;
				ENABLE_NS_ASSERTIONS = NO;
				ENABLE_STRICT_OBJC_MSGSEND = YES;
				GCC_C_LANGUAGE_STANDARD = gnu99;
				GCC_WARN_64_TO_32_BIT_CONVERSION = YES;
				GCC_WARN_ABOUT_RETURN_TYPE = YES_ERROR;
				GCC_WARN_UNDECLARED_SELECTOR = YES;
				GCC_WARN_UNINITIALIZED_AUTOS = YES_AGGRESSIVE;
				GCC_WARN_UNUSED_FUNCTION = YES;
				GCC_WARN_UNUSED_VARIABLE = YES;
				IPHONEOS_DEPLOYMENT_TARGET = 7.0;
				MTL_ENABLE_DEBUG_INFO = NO;
				SDKROOT = iphoneos;
				TARGETED_DEVICE_FAMILY = 2;
				VALIDATE_PRODUCT = YES;
			};
			name = Release;
		};
		FC20C4E61ABD7E66004BF303 /* Debug */ = {
			isa = XCBuildConfiguration;
			buildSettings = {
				ASSETCATALOG_COMPILER_APPICON_NAME = AppIcon;
				CODE_SIGN_IDENTITY = "iPhone Developer";
				"CODE_SIGN_IDENTITY[sdk=iphoneos*]" = "iPhone Developer";
				INFOPLIST_FILE = animalsFighting/Info.plist;
				IPHONEOS_DEPLOYMENT_TARGET = 7.0;
				LD_RUNPATH_SEARCH_PATHS = "$(inherited) @executable_path/Frameworks";
				OTHER_SWIFT_FLAGS = "-D DEBUG";
				PRODUCT_NAME = "$(TARGET_NAME)";
				PROVISIONING_PROFILE = "";
				TARGETED_DEVICE_FAMILY = 1;
			};
			name = Debug;
		};
		FC20C4E71ABD7E66004BF303 /* Release */ = {
			isa = XCBuildConfiguration;
			buildSettings = {
				ASSETCATALOG_COMPILER_APPICON_NAME = AppIcon;
				CODE_SIGN_IDENTITY = "iPhone Distribution: HongDian Technology (Beijing) Co., Ltd. (QZ5G44NYB5)";
				"CODE_SIGN_IDENTITY[sdk=iphoneos*]" = "iPhone Distribution: HongDian Technology (Beijing) Co., Ltd. (QZ5G44NYB5)";
				INFOPLIST_FILE = animalsFighting/Info.plist;
				IPHONEOS_DEPLOYMENT_TARGET = 7.0;
				LD_RUNPATH_SEARCH_PATHS = "$(inherited) @executable_path/Frameworks";
				OTHER_SWIFT_FLAGS = "-D DEBUG";
				PRODUCT_NAME = "$(TARGET_NAME)";
				PROVISIONING_PROFILE = "";
				TARGETED_DEVICE_FAMILY = 1;
			};
			name = Release;
		};
		FC20C4E91ABD7E66004BF303 /* Debug */ = {
			isa = XCBuildConfiguration;
			buildSettings = {
				BUNDLE_LOADER = "$(TEST_HOST)";
				FRAMEWORK_SEARCH_PATHS = (
					"$(SDKROOT)/Developer/Library/Frameworks",
					"$(inherited)",
				);
				GCC_PREPROCESSOR_DEFINITIONS = (
					"DEBUG=1",
					"$(inherited)",
				);
				INFOPLIST_FILE = animalsFightingTests/Info.plist;
				LD_RUNPATH_SEARCH_PATHS = "$(inherited) @executable_path/Frameworks @loader_path/Frameworks";
				PRODUCT_NAME = "$(TARGET_NAME)";
				TEST_HOST = "$(BUILT_PRODUCTS_DIR)/animalsFighting.app/animalsFighting";
			};
			name = Debug;
		};
		FC20C4EA1ABD7E66004BF303 /* Release */ = {
			isa = XCBuildConfiguration;
			buildSettings = {
				BUNDLE_LOADER = "$(TEST_HOST)";
				FRAMEWORK_SEARCH_PATHS = (
					"$(SDKROOT)/Developer/Library/Frameworks",
					"$(inherited)",
				);
				INFOPLIST_FILE = animalsFightingTests/Info.plist;
				LD_RUNPATH_SEARCH_PATHS = "$(inherited) @executable_path/Frameworks @loader_path/Frameworks";
				PRODUCT_NAME = "$(TARGET_NAME)";
				TEST_HOST = "$(BUILT_PRODUCTS_DIR)/animalsFighting.app/animalsFighting";
			};
			name = Release;
		};
/* End XCBuildConfiguration section */

/* Begin XCConfigurationList section */
		FC20C4BD1ABD7E65004BF303 /* Build configuration list for PBXProject "animalsFighting" */ = {
			isa = XCConfigurationList;
			buildConfigurations = (
				FC20C4E31ABD7E66004BF303 /* Debug */,
				FC20C4E41ABD7E66004BF303 /* Release */,
			);
			defaultConfigurationIsVisible = 0;
			defaultConfigurationName = Release;
		};
		FC20C4E51ABD7E66004BF303 /* Build configuration list for PBXNativeTarget "animalsFighting" */ = {
			isa = XCConfigurationList;
			buildConfigurations = (
				FC20C4E61ABD7E66004BF303 /* Debug */,
				FC20C4E71ABD7E66004BF303 /* Release */,
			);
			defaultConfigurationIsVisible = 0;
			defaultConfigurationName = Release;
		};
		FC20C4E81ABD7E66004BF303 /* Build configuration list for PBXNativeTarget "animalsFightingTests" */ = {
			isa = XCConfigurationList;
			buildConfigurations = (
				FC20C4E91ABD7E66004BF303 /* Debug */,
				FC20C4EA1ABD7E66004BF303 /* Release */,
			);
			defaultConfigurationIsVisible = 0;
			defaultConfigurationName = Release;
		};
/* End XCConfigurationList section */
	};
	rootObject = FC20C4BA1ABD7E65004BF303 /* Project object */;
}
